
Microsoft Visual Studio Solution File, Format Version 12.00
# Visual Studio Version 16
VisualStudioVersion = 16.0.31424.327
MinimumVisualStudioVersion = 10.0.40219.1
Project("{FAE04EC0-301F-11D3-BF4B-00C04F79EFBC}") = "WebIdentity.Identity", "WebIdentity.Identity\WebIdentity.Identity.csproj", "{B7E7F841-01F4-4FFC-820D-55C1DC200A1C}"
EndProject
Project("{FAE04EC0-301F-11D3-BF4B-00C04F79EFBC}") = "WebIdentity.Models.Identity", "WebIdentity.Models.Identity\WebIdentity.Models.Identity.csproj", "{ECC9B3CD-BCFE-400D-A248-A0A817318B48}"
EndProject
Global
	GlobalSection(SolutionConfigurationPlatforms) = preSolution
		Debug|Any CPU = Debug|Any CPU
		Release|Any CPU = Release|Any CPU
	EndGlobalSection
	GlobalSection(ProjectConfigurationPlatforms) = postSolution
		{B7E7F841-01F4-4FFC-820D-55C1DC200A1C}.Debug|Any CPU.ActiveCfg = Debug|Any CPU
		{B7E7F841-01F4-4FFC-820D-55C1DC200A1C}.Debug|Any CPU.Build.0 = Debug|Any CPU
		{B7E7F841-01F4-4FFC-820D-55C1DC200A1C}.Release|Any CPU.ActiveCfg = Release|Any CPU
		{B7E7F841-01F4-4FFC-820D-55C1DC200A1C}.Release|Any CPU.Build.0 = Release|Any CPU
		{ECC9B3CD-BCFE-400D-A248-A0A817318B48}.Debug|Any CPU.ActiveCfg = Debug|Any CPU
		{ECC9B3CD-BCFE-400D-A248-A0A817318B48}.Debug|Any CPU.Build.0 = Debug|Any CPU
		{ECC9B3CD-BCFE-400D-A248-A0A817318B48}.Release|Any CPU.ActiveCfg = Release|Any CPU
		{ECC9B3CD-BCFE-400D-A248-A0A817318B48}.Release|Any CPU.Build.0 = Release|Any CPU
	EndGlobalSection
	GlobalSection(SolutionProperties) = preSolution
		HideSolutionNode = FALSE
	EndGlobalSection
	GlobalSection(ExtensibilityGlobals) = postSolution
		SolutionGuid = {B3011D51-36B1-4BC9-A7F3-17B0D4ECF638}
	EndGlobalSection
EndGlobal
